
Microsoft Visual Studio Solution File, Format Version 12.00
# Visual Studio 2013
VisualStudioVersion = 12.0.21005.1
MinimumVisualStudioVersion = 10.0.40219.1
Project("{FAE04EC0-301F-11D3-BF4B-00C04F79EFBC}") = "ConsoleApplication1", "ConsoleApplication1\ConsoleApplication1.csproj", "{FA79DDE2-541F-466E-B434-EA3162D8FBF7}"
EndProject
Project("{FAE04EC0-301F-11D3-BF4B-00C04F79EFBC}") = "UnitTestProject1", "UnitTestProject1\UnitTestProject1.csproj", "{89831C2F-0591-4C46-B5E1-F7CDA4111357}"
EndProject
Global
	GlobalSection(SolutionConfigurationPlatforms) = preSolution
		Debug|Any CPU = Debug|Any CPU
		Release|Any CPU = Release|Any CPU
	EndGlobalSection
	GlobalSection(ProjectConfigurationPlatforms) = postSolution
		{FA79DDE2-541F-466E-B434-EA3162D8FBF7}.Debug|Any CPU.ActiveCfg = Debug|Any CPU
		{FA79DDE2-541F-466E-B434-EA3162D8FBF7}.Debug|Any CPU.Build.0 = Debug|Any CPU
		{FA79DDE2-541F-466E-B434-EA3162D8FBF7}.Release|Any CPU.ActiveCfg = Release|Any CPU
		{FA79DDE2-541F-466E-B434-EA3162D8FBF7}.Release|Any CPU.Build.0 = Release|Any CPU
		{89831C2F-0591-4C46-B5E1-F7CDA4111357}.Debug|Any CPU.ActiveCfg = Debug|Any CPU
		{89831C2F-0591-4C46-B5E1-F7CDA4111357}.Debug|Any CPU.Build.0 = Debug|Any CPU
		{89831C2F-0591-4C46-B5E1-F7CDA4111357}.Release|Any CPU.ActiveCfg = Release|Any CPU
		{89831C2F-0591-4C46-B5E1-F7CDA4111357}.Release|Any CPU.Build.0 = Release|Any CPU
	EndGlobalSection
	GlobalSection(SolutionProperties) = preSolution
		HideSolutionNode = FALSE
	EndGlobalSection
EndGlobal
